
Microsoft Visual Studio Solution File, Format Version 12.00
# Visual Studio Version 17
VisualStudioVersion = 17.10.35122.118
MinimumVisualStudioVersion = 10.0.40219.1
Project("{FAE04EC0-301F-11D3-BF4B-00C04F79EFBC}") = "LogicalQuestion1", "LogicalQuestion1.csproj", "{BFDBCA90-F1E2-4EEB-850E-60D1D2FB7A1D}"
EndProject
Global
	GlobalSection(SolutionConfigurationPlatforms) = preSolution
		Debug|Any CPU = Debug|Any CPU
		Release|Any CPU = Release|Any CPU
	EndGlobalSection
	GlobalSection(ProjectConfigurationPlatforms) = postSolution
		{BFDBCA90-F1E2-4EEB-850E-60D1D2FB7A1D}.Debug|Any CPU.ActiveCfg = Debug|Any CPU
		{BFDBCA90-F1E2-4EEB-850E-60D1D2FB7A1D}.Debug|Any CPU.Build.0 = Debug|Any CPU
		{BFDBCA90-F1E2-4EEB-850E-60D1D2FB7A1D}.Release|Any CPU.ActiveCfg = Release|Any CPU
		{BFDBCA90-F1E2-4EEB-850E-60D1D2FB7A1D}.Release|Any CPU.Build.0 = Release|Any CPU
	EndGlobalSection
	GlobalSection(SolutionProperties) = preSolution
		HideSolutionNode = FALSE
	EndGlobalSection
	GlobalSection(ExtensibilityGlobals) = postSolution
		SolutionGuid = {438C8AEA-A1CB-48AB-ABCF-DF4BC6A197FE}
	EndGlobalSection
EndGlobal
