
Microsoft Visual Studio Solution File, Format Version 12.00
# Visual Studio Version 17
VisualStudioVersion = 17.10.35122.118
MinimumVisualStudioVersion = 10.0.40219.1
Project("{FAE04EC0-301F-11D3-BF4B-00C04F79EFBC}") = "MergSort", "MergSort\MergSort.csproj", "{59E0887E-B241-4D6A-98A3-628A051E5FF3}"
EndProject
Global
	GlobalSection(SolutionConfigurationPlatforms) = preSolution
		Debug|Any CPU = Debug|Any CPU
		Release|Any CPU = Release|Any CPU
	EndGlobalSection
	GlobalSection(ProjectConfigurationPlatforms) = postSolution
		{59E0887E-B241-4D6A-98A3-628A051E5FF3}.Debug|Any CPU.ActiveCfg = Debug|Any CPU
		{59E0887E-B241-4D6A-98A3-628A051E5FF3}.Debug|Any CPU.Build.0 = Debug|Any CPU
		{59E0887E-B241-4D6A-98A3-628A051E5FF3}.Release|Any CPU.ActiveCfg = Release|Any CPU
		{59E0887E-B241-4D6A-98A3-628A051E5FF3}.Release|Any CPU.Build.0 = Release|Any CPU
	EndGlobalSection
	GlobalSection(SolutionProperties) = preSolution
		HideSolutionNode = FALSE
	EndGlobalSection
	GlobalSection(ExtensibilityGlobals) = postSolution
		SolutionGuid = {67423F57-E9E9-4E33-A6EA-832E384BBB15}
	EndGlobalSection
EndGlobal
