
Microsoft Visual Studio Solution File, Format Version 12.00
# Visual Studio Version 17
VisualStudioVersion = 17.10.35122.118
MinimumVisualStudioVersion = 10.0.40219.1
Project("{FAE04EC0-301F-11D3-BF4B-00C04F79EFBC}") = "interview", "interview.csproj", "{F8AE4BC1-75F3-4D0C-B604-8C766BACF02D}"
EndProject
Global
	GlobalSection(SolutionConfigurationPlatforms) = preSolution
		Debug|Any CPU = Debug|Any CPU
		Release|Any CPU = Release|Any CPU
	EndGlobalSection
	GlobalSection(ProjectConfigurationPlatforms) = postSolution
		{F8AE4BC1-75F3-4D0C-B604-8C766BACF02D}.Debug|Any CPU.ActiveCfg = Debug|Any CPU
		{F8AE4BC1-75F3-4D0C-B604-8C766BACF02D}.Debug|Any CPU.Build.0 = Debug|Any CPU
		{F8AE4BC1-75F3-4D0C-B604-8C766BACF02D}.Release|Any CPU.ActiveCfg = Release|Any CPU
		{F8AE4BC1-75F3-4D0C-B604-8C766BACF02D}.Release|Any CPU.Build.0 = Release|Any CPU
	EndGlobalSection
	GlobalSection(SolutionProperties) = preSolution
		HideSolutionNode = FALSE
	EndGlobalSection
	GlobalSection(ExtensibilityGlobals) = postSolution
		SolutionGuid = {740863AF-B5E9-407A-B8D6-D1C329435EC2}
	EndGlobalSection
EndGlobal
