
Microsoft Visual Studio Solution File, Format Version 12.00
# Visual Studio Version 17
VisualStudioVersion = 17.10.35122.118
MinimumVisualStudioVersion = 10.0.40219.1
Project("{FAE04EC0-301F-11D3-BF4B-00C04F79EFBC}") = "AppontmentManagement", "AppontmentManagement.csproj", "{90B608B9-0090-4007-A101-ED8ADBC1CC96}"
EndProject
Global
	GlobalSection(SolutionConfigurationPlatforms) = preSolution
		Debug|Any CPU = Debug|Any CPU
		Release|Any CPU = Release|Any CPU
	EndGlobalSection
	GlobalSection(ProjectConfigurationPlatforms) = postSolution
		{90B608B9-0090-4007-A101-ED8ADBC1CC96}.Debug|Any CPU.ActiveCfg = Debug|Any CPU
		{90B608B9-0090-4007-A101-ED8ADBC1CC96}.Debug|Any CPU.Build.0 = Debug|Any CPU
		{90B608B9-0090-4007-A101-ED8ADBC1CC96}.Release|Any CPU.ActiveCfg = Release|Any CPU
		{90B608B9-0090-4007-A101-ED8ADBC1CC96}.Release|Any CPU.Build.0 = Release|Any CPU
	EndGlobalSection
	GlobalSection(SolutionProperties) = preSolution
		HideSolutionNode = FALSE
	EndGlobalSection
	GlobalSection(ExtensibilityGlobals) = postSolution
		SolutionGuid = {3563233F-5AFA-4335-8F89-E7D72097B619}
	EndGlobalSection
EndGlobal
