
Microsoft Visual Studio Solution File, Format Version 12.00
# Visual Studio Version 17
VisualStudioVersion = 17.10.35122.118
MinimumVisualStudioVersion = 10.0.40219.1
Project("{FAE04EC0-301F-11D3-BF4B-00C04F79EFBC}") = "CalculatorTest", "CalculatorTest\CalculatorTest.csproj", "{FA37A628-CF3E-44DC-B079-2B60C73A92F7}"
EndProject
Project("{FAE04EC0-301F-11D3-BF4B-00C04F79EFBC}") = "CalPrj", "CalPrj\CalPrj.csproj", "{906A2495-EB7D-4103-B611-8A4A57CB2668}"
EndProject
Global
	GlobalSection(SolutionConfigurationPlatforms) = preSolution
		Debug|Any CPU = Debug|Any CPU
		Release|Any CPU = Release|Any CPU
	EndGlobalSection
	GlobalSection(ProjectConfigurationPlatforms) = postSolution
		{FA37A628-CF3E-44DC-B079-2B60C73A92F7}.Debug|Any CPU.ActiveCfg = Debug|Any CPU
		{FA37A628-CF3E-44DC-B079-2B60C73A92F7}.Debug|Any CPU.Build.0 = Debug|Any CPU
		{FA37A628-CF3E-44DC-B079-2B60C73A92F7}.Release|Any CPU.ActiveCfg = Release|Any CPU
		{FA37A628-CF3E-44DC-B079-2B60C73A92F7}.Release|Any CPU.Build.0 = Release|Any CPU
		{906A2495-EB7D-4103-B611-8A4A57CB2668}.Debug|Any CPU.ActiveCfg = Debug|Any CPU
		{906A2495-EB7D-4103-B611-8A4A57CB2668}.Debug|Any CPU.Build.0 = Debug|Any CPU
		{906A2495-EB7D-4103-B611-8A4A57CB2668}.Release|Any CPU.ActiveCfg = Release|Any CPU
		{906A2495-EB7D-4103-B611-8A4A57CB2668}.Release|Any CPU.Build.0 = Release|Any CPU
	EndGlobalSection
	GlobalSection(SolutionProperties) = preSolution
		HideSolutionNode = FALSE
	EndGlobalSection
	GlobalSection(ExtensibilityGlobals) = postSolution
		SolutionGuid = {D5D940F9-D13A-4494-BAEE-C21C7919E3DE}
	EndGlobalSection
EndGlobal
